
Microsoft Visual Studio Solution File, Format Version 12.00
# Visual Studio Version 16
VisualStudioVersion = 16.0.30804.86
MinimumVisualStudioVersion = 10.0.40219.1
Project("{9A19103F-16F7-4668-BE54-9A1E7A4F7556}") = "ReactApplication", "ReactApplication\ReactApplication.csproj", "{5356B720-DE86-4048-A01B-2EC9A2B30431}"
EndProject
Project("{9A19103F-16F7-4668-BE54-9A1E7A4F7556}") = "BLL.Interface", "BLL.Interface\BLL.Interface.csproj", "{3214D943-EEDB-4137-9744-706DC82EB64A}"
EndProject
Project("{9A19103F-16F7-4668-BE54-9A1E7A4F7556}") = "BLL.Local", "BLL.Local\BLL.Local.csproj", "{8D87BDBA-05DC-48A4-934D-970B7111C466}"
EndProject
Project("{9A19103F-16F7-4668-BE54-9A1E7A4F7556}") = "DAL.EF", "DAL.EF\DAL.EF.csproj", "{3CC1E86C-24AB-4175-807B-572E164CDAB4}"
EndProject
Project("{9A19103F-16F7-4668-BE54-9A1E7A4F7556}") = "DAL.Interface", "DAL.Interface\DAL.Interface.csproj", "{1360BBC0-F0A4-40E6-BAD5-940D9B1E4127}"
EndProject
Project("{9A19103F-16F7-4668-BE54-9A1E7A4F7556}") = "ReactApplication.Tests", "ReactApplication.Tests\ReactApplication.Tests.csproj", "{AC68016A-98CC-449C-B83A-675EBE69DBBC}"
EndProject
Project("{FAE04EC0-301F-11D3-BF4B-00C04F79EFBC}") = "DAL.Stub", "DAL.Stub\DAL.Stub.csproj", "{8C88FA5A-B5E7-49E2-9F57-C694B9FF0407}"
EndProject
Project("{FAE04EC0-301F-11D3-BF4B-00C04F79EFBC}") = "BLL.Test", "BLL.Test\BLL.Test.csproj", "{D6D50FB6-881C-4308-B848-661A1C2074D3}"
EndProject
Project("{FAE04EC0-301F-11D3-BF4B-00C04F79EFBC}") = "BLL.Stub", "BLL.Stub\BLL.Stub.csproj", "{C409A97E-D408-42EA-92FB-C2879915346D}"
EndProject
Global
	GlobalSection(SolutionConfigurationPlatforms) = preSolution
		Debug|Any CPU = Debug|Any CPU
		Release|Any CPU = Release|Any CPU
	EndGlobalSection
	GlobalSection(ProjectConfigurationPlatforms) = postSolution
		{5356B720-DE86-4048-A01B-2EC9A2B30431}.Debug|Any CPU.ActiveCfg = Debug|Any CPU
		{5356B720-DE86-4048-A01B-2EC9A2B30431}.Debug|Any CPU.Build.0 = Debug|Any CPU
		{5356B720-DE86-4048-A01B-2EC9A2B30431}.Release|Any CPU.ActiveCfg = Release|Any CPU
		{5356B720-DE86-4048-A01B-2EC9A2B30431}.Release|Any CPU.Build.0 = Release|Any CPU
		{3214D943-EEDB-4137-9744-706DC82EB64A}.Debug|Any CPU.ActiveCfg = Debug|Any CPU
		{3214D943-EEDB-4137-9744-706DC82EB64A}.Debug|Any CPU.Build.0 = Debug|Any CPU
		{3214D943-EEDB-4137-9744-706DC82EB64A}.Release|Any CPU.ActiveCfg = Release|Any CPU
		{3214D943-EEDB-4137-9744-706DC82EB64A}.Release|Any CPU.Build.0 = Release|Any CPU
		{8D87BDBA-05DC-48A4-934D-970B7111C466}.Debug|Any CPU.ActiveCfg = Debug|Any CPU
		{8D87BDBA-05DC-48A4-934D-970B7111C466}.Debug|Any CPU.Build.0 = Debug|Any CPU
		{8D87BDBA-05DC-48A4-934D-970B7111C466}.Release|Any CPU.ActiveCfg = Release|Any CPU
		{8D87BDBA-05DC-48A4-934D-970B7111C466}.Release|Any CPU.Build.0 = Release|Any CPU
		{3CC1E86C-24AB-4175-807B-572E164CDAB4}.Debug|Any CPU.ActiveCfg = Debug|Any CPU
		{3CC1E86C-24AB-4175-807B-572E164CDAB4}.Debug|Any CPU.Build.0 = Debug|Any CPU
		{3CC1E86C-24AB-4175-807B-572E164CDAB4}.Release|Any CPU.ActiveCfg = Release|Any CPU
		{3CC1E86C-24AB-4175-807B-572E164CDAB4}.Release|Any CPU.Build.0 = Release|Any CPU
		{1360BBC0-F0A4-40E6-BAD5-940D9B1E4127}.Debug|Any CPU.ActiveCfg = Debug|Any CPU
		{1360BBC0-F0A4-40E6-BAD5-940D9B1E4127}.Debug|Any CPU.Build.0 = Debug|Any CPU
		{1360BBC0-F0A4-40E6-BAD5-940D9B1E4127}.Release|Any CPU.ActiveCfg = Release|Any CPU
		{1360BBC0-F0A4-40E6-BAD5-940D9B1E4127}.Release|Any CPU.Build.0 = Release|Any CPU
		{AC68016A-98CC-449C-B83A-675EBE69DBBC}.Debug|Any CPU.ActiveCfg = Debug|Any CPU
		{AC68016A-98CC-449C-B83A-675EBE69DBBC}.Debug|Any CPU.Build.0 = Debug|Any CPU
		{AC68016A-98CC-449C-B83A-675EBE69DBBC}.Release|Any CPU.ActiveCfg = Release|Any CPU
		{AC68016A-98CC-449C-B83A-675EBE69DBBC}.Release|Any CPU.Build.0 = Release|Any CPU
		{8C88FA5A-B5E7-49E2-9F57-C694B9FF0407}.Debug|Any CPU.ActiveCfg = Debug|Any CPU
		{8C88FA5A-B5E7-49E2-9F57-C694B9FF0407}.Debug|Any CPU.Build.0 = Debug|Any CPU
		{8C88FA5A-B5E7-49E2-9F57-C694B9FF0407}.Release|Any CPU.ActiveCfg = Release|Any CPU
		{8C88FA5A-B5E7-49E2-9F57-C694B9FF0407}.Release|Any CPU.Build.0 = Release|Any CPU
		{D6D50FB6-881C-4308-B848-661A1C2074D3}.Debug|Any CPU.ActiveCfg = Debug|Any CPU
		{D6D50FB6-881C-4308-B848-661A1C2074D3}.Debug|Any CPU.Build.0 = Debug|Any CPU
		{D6D50FB6-881C-4308-B848-661A1C2074D3}.Release|Any CPU.ActiveCfg = Release|Any CPU
		{D6D50FB6-881C-4308-B848-661A1C2074D3}.Release|Any CPU.Build.0 = Release|Any CPU
		{C409A97E-D408-42EA-92FB-C2879915346D}.Debug|Any CPU.ActiveCfg = Debug|Any CPU
		{C409A97E-D408-42EA-92FB-C2879915346D}.Debug|Any CPU.Build.0 = Debug|Any CPU
		{C409A97E-D408-42EA-92FB-C2879915346D}.Release|Any CPU.ActiveCfg = Release|Any CPU
		{C409A97E-D408-42EA-92FB-C2879915346D}.Release|Any CPU.Build.0 = Release|Any CPU
	EndGlobalSection
	GlobalSection(SolutionProperties) = preSolution
		HideSolutionNode = FALSE
	EndGlobalSection
	GlobalSection(ExtensibilityGlobals) = postSolution
		SolutionGuid = {BE181E1A-5437-4636-AAE2-A7C59EEC72E7}
	EndGlobalSection
EndGlobal
